// !$*UTF8*$!
{
	archiveVersion = 1;
	classes = {
	};
	objectVersion = 46;
	objects = {

/* Begin PBXBuildFile section */
		091E9F671E82717600010981 /* AppDelegate.swift in Sources */ = {isa = PBXBuildFile; fileRef = 091E9F661E82717600010981 /* AppDelegate.swift */; };
		091E9F691E82717600010981 /* ViewController.swift in Sources */ = {isa = PBXBuildFile; fileRef = 091E9F681E82717600010981 /* ViewController.swift */; };
		091E9F6C1E82717600010981 /* Main.storyboard in Resources */ = {isa = PBXBuildFile; fileRef = 091E9F6A1E82717600010981 /* Main.storyboard */; };
		091E9F6E1E82717600010981 /* Assets.xcassets in Resources */ = {isa = PBXBuildFile; fileRef = 091E9F6D1E82717600010981 /* Assets.xcassets */; };
		091E9F711E82717600010981 /* LaunchScreen.storyboard in Resources */ = {isa = PBXBuildFile; fileRef = 091E9F6F1E82717600010981 /* LaunchScreen.storyboard */; };
		092022521E82816B00B6884A /* TVButton.framework in Frameworks */ = {isa = PBXBuildFile; fileRef = 092022511E82816B00B6884A /* TVButton.framework */; };
		705D2DBE5935C8AD3593EC5D /* Pods_CocoaPodsExample.framework in Frameworks */ = {isa = PBXBuildFile; fileRef = 99FD110FA805B6F4C2504E60 /* Pods_CocoaPodsExample.framework */; };
/* End PBXBuildFile section */

/* Begin PBXFileReference section */
		091E9F631E82717600010981 /* CocoaPodsExample.app */ = {isa = PBXFileReference; explicitFileType = wrapper.application; includeInIndex = 0; path = CocoaPodsExample.app; sourceTree = BUILT_PRODUCTS_DIR; };
		091E9F661E82717600010981 /* AppDelegate.swift */ = {isa = PBXFileReference; lastKnownFileType = sourcecode.swift; path = AppDelegate.swift; sourceTree = "<group>"; };
		091E9F681E82717600010981 /* ViewController.swift */ = {isa = PBXFileReference; lastKnownFileType = sourcecode.swift; path = ViewController.swift; sourceTree = "<group>"; };
		091E9F6B1E82717600010981 /* Base */ = {isa = PBXFileReference; lastKnownFileType = file.storyboard; name = Base; path = Base.lproj/Main.storyboard; sourceTree = "<group>"; };
		091E9F6D1E82717600010981 /* Assets.xcassets */ = {isa = PBXFileReference; lastKnownFileType = folder.assetcatalog; path = Assets.xcassets; sourceTree = "<group>"; };
		091E9F701E82717600010981 /* Base */ = {isa = PBXFileReference; lastKnownFileType = file.storyboard; name = Base; path = Base.lproj/LaunchScreen.storyboard; sourceTree = "<group>"; };
		091E9F721E82717600010981 /* Info.plist */ = {isa = PBXFileReference; lastKnownFileType = text.plist.xml; path = Info.plist; sourceTree = "<group>"; };
		092022511E82816B00B6884A /* TVButton.framework */ = {isa = PBXFileReference; lastKnownFileType = wrapper.framework; name = TVButton.framework; path = "../../Library/Developer/Xcode/DerivedData/CocoaPodsExample-flhjsrnnmwoyuuckwqptkynagkmo/Build/Products/Debug-iphonesimulator/TVButton/TVButton.framework"; sourceTree = "<group>"; };
		9690355D32FC1462D4FDD773 /* Pods-CocoaPodsExample.release.xcconfig */ = {isa = PBXFileReference; includeInIndex = 1; lastKnownFileType = text.xcconfig; name = "Pods-CocoaPodsExample.release.xcconfig"; path = "Pods/Target Support Files/Pods-CocoaPodsExample/Pods-CocoaPodsExample.release.xcconfig"; sourceTree = "<group>"; };
		99FD110FA805B6F4C2504E60 /* Pods_CocoaPodsExample.framework */ = {isa = PBXFileReference; explicitFileType = wrapper.framework; includeInIndex = 0; path = Pods_CocoaPodsExample.framework; sourceTree = BUILT_PRODUCTS_DIR; };
		B883524265C9373B65265335 /* Pods-CocoaPodsExample.debug.xcconfig */ = {isa = PBXFileReference; includeInIndex = 1; lastKnownFileType = text.xcconfig; name = "Pods-CocoaPodsExample.debug.xcconfig"; path = "Pods/Target Support Files/Pods-CocoaPodsExample/Pods-CocoaPodsExample.debug.xcconfig"; sourceTree = "<group>"; };
/* End PBXFileReference section */

/* Begin PBXFrameworksBuildPhase section */
		091E9F601E82717600010981 /* Frameworks */ = {
			isa = PBXFrameworksBuildPhase;
			buildActionMask = 2147483647;
			files = (
				092022521E82816B00B6884A /* TVButton.framework in Frameworks */,
				705D2DBE5935C8AD3593EC5D /* Pods_CocoaPodsExample.framework in Frameworks */,
			);
			runOnlyForDeploymentPostprocessing = 0;
		};
/* End PBXFrameworksBuildPhase section */

/* Begin PBXGroup section */
		091E9F5A1E82717600010981 = {
			isa = PBXGroup;
			children = (
				091E9F651E82717600010981 /* CocoaPodsExample */,
				091E9F641E82717600010981 /* Products */,
				976F2BBA501DAA5B2C0528CA /* Pods */,
				B511AB7E370C1A0CDE3EF8BB /* Frameworks */,
			);
			sourceTree = "<group>";
		};
		091E9F641E82717600010981 /* Products */ = {
			isa = PBXGroup;
			children = (
				091E9F631E82717600010981 /* CocoaPodsExample.app */,
			);
			name = Products;
			sourceTree = "<group>";
		};
		091E9F651E82717600010981 /* CocoaPodsExample */ = {
			isa = PBXGroup;
			children = (
				091E9F661E82717600010981 /* AppDelegate.swift */,
				091E9F681E82717600010981 /* ViewController.swift */,
				091E9F6A1E82717600010981 /* Main.storyboard */,
				091E9F6D1E82717600010981 /* Assets.xcassets */,
				091E9F6F1E82717600010981 /* LaunchScreen.storyboard */,
				091E9F721E82717600010981 /* Info.plist */,
			);
			path = CocoaPodsExample;
			sourceTree = "<group>";
		};
		976F2BBA501DAA5B2C0528CA /* Pods */ = {
			isa = PBXGroup;
			children = (
				B883524265C9373B65265335 /* Pods-CocoaPodsExample.debug.xcconfig */,
				9690355D32FC1462D4FDD773 /* Pods-CocoaPodsExample.release.xcconfig */,
			);
			name = Pods;
			sourceTree = "<group>";
		};
		B511AB7E370C1A0CDE3EF8BB /* Frameworks */ = {
			isa = PBXGroup;
			children = (
				092022511E82816B00B6884A /* TVButton.framework */,
				99FD110FA805B6F4C2504E60 /* Pods_CocoaPodsExample.framework */,
			);
			name = Frameworks;
			sourceTree = "<group>";
		};
/* End PBXGroup section */

/* Begin PBXNativeTarget section */
		091E9F621E82717600010981 /* CocoaPodsExample */ = {
			isa = PBXNativeTarget;
			buildConfigurationList = 091E9F751E82717600010981 /* Build configuration list for PBXNativeTarget "CocoaPodsExample" */;
			buildPhases = (
				305E4EEF95D8E095BC65C4A9 /* [CP] Check Pods Manifest.lock */,
				091E9F5F1E82717600010981 /* Sources */,
				091E9F601E82717600010981 /* Frameworks */,
				091E9F611E82717600010981 /* Resources */,
				98EE298A19E89F9FF04D045A /* [CP] Embed Pods Frameworks */,
				4514258638A04D5E49420629 /* [CP] Copy Pods Resources */,
			);
			buildRules = (
			);
			dependencies = (
			);
			name = CocoaPodsExample;
			productName = CocoaPodsExample;
			productReference = 091E9F631E82717600010981 /* CocoaPodsExample.app */;
			productType = "com.apple.product-type.application";
		};
/* End PBXNativeTarget section */

/* Begin PBXProject section */
		091E9F5B1E82717600010981 /* Project object */ = {
			isa = PBXProject;
			attributes = {
				LastSwiftUpdateCheck = 0800;
				LastUpgradeCheck = 0800;
				ORGANIZATIONNAME = cice;
				TargetAttributes = {
					091E9F621E82717600010981 = {
						CreatedOnToolsVersion = 8.0;
						ProvisioningStyle = Automatic;
					};
				};
			};
			buildConfigurationList = 091E9F5E1E82717600010981 /* Build configuration list for PBXProject "CocoaPodsExample" */;
			compatibilityVersion = "Xcode 3.2";
			developmentRegion = English;
			hasScannedForEncodings = 0;
			knownRegions = (
				en,
				Base,
			);
			mainGroup = 091E9F5A1E82717600010981;
			productRefGroup = 091E9F641E82717600010981 /* Products */;
			projectDirPath = "";
			projectRoot = "";
			targets = (
				091E9F621E82717600010981 /* CocoaPodsExample */,
			);
		};
/* End PBXProject section */

/* Begin PBXResourcesBuildPhase section */
		091E9F611E82717600010981 /* Resources */ = {
			isa = PBXResourcesBuildPhase;
			buildActionMask = 2147483647;
			files = (
				091E9F711E82717600010981 /* LaunchScreen.storyboard in Resources */,
				091E9F6E1E82717600010981 /* Assets.xcassets in Resources */,
				091E9F6C1E82717600010981 /* Main.storyboard in Resources */,
			);
			runOnlyForDeploymentPostprocessing = 0;
		};
/* End PBXResourcesBuildPhase section */

/* Begin PBXShellScriptBuildPhase section */
		305E4EEF95D8E095BC65C4A9 /* [CP] Check Pods Manifest.lock */ = {
			isa = PBXShellScriptBuildPhase;
			buildActionMask = 2147483647;
			files = (
			);
			inputPaths = (
			);
			name = "[CP] Check Pods Manifest.lock";
			outputPaths = (
			);
			runOnlyForDeploymentPostprocessing = 0;
			shellPath = /bin/sh;
			shellScript = "diff \"${PODS_ROOT}/../Podfile.lock\" \"${PODS_ROOT}/Manifest.lock\" > /dev/null\nif [ $? != 0 ] ; then\n    # print error to STDERR\n    echo \"error: The sandbox is not in sync with the Podfile.lock. Run 'pod install' or update your CocoaPods installation.\" >&2\n    exit 1\nfi\n";
			showEnvVarsInLog = 0;
		};
		4514258638A04D5E49420629 /* [CP] Copy Pods Resources */ = {
			isa = PBXShellScriptBuildPhase;
			buildActionMask = 2147483647;
			files = (
			);
			inputPaths = (
			);
			name = "[CP] Copy Pods Resources";
			outputPaths = (
			);
			runOnlyForDeploymentPostprocessing = 0;
			shellPath = /bin/sh;
			shellScript = "\"${SRCROOT}/Pods/Target Support Files/Pods-CocoaPodsExample/Pods-CocoaPodsExample-resources.sh\"\n";
			showEnvVarsInLog = 0;
		};
		98EE298A19E89F9FF04D045A /* [CP] Embed Pods Frameworks */ = {
			isa = PBXShellScriptBuildPhase;
			buildActionMask = 2147483647;
			files = (
			);
			inputPaths = (
			);
			name = "[CP] Embed Pods Frameworks";
			outputPaths = (
			);
			runOnlyForDeploymentPostprocessing = 0;
			shellPath = /bin/sh;
			shellScript = "\"${SRCROOT}/Pods/Target Support Files/Pods-CocoaPodsExample/Pods-CocoaPodsExample-frameworks.sh\"\n";
			showEnvVarsInLog = 0;
		};
/* End PBXShellScriptBuildPhase section */

/* Begin PBXSourcesBuildPhase section */
		091E9F5F1E82717600010981 /* Sources */ = {
			isa = PBXSourcesBuildPhase;
			buildActionMask = 2147483647;
			files = (
				091E9F691E82717600010981 /* ViewController.swift in Sources */,
				091E9F671E82717600010981 /* AppDelegate.swift in Sources */,
			);
			runOnlyForDeploymentPostprocessing = 0;
		};
/* End PBXSourcesBuildPhase section */

/* Begin PBXVariantGroup section */
		091E9F6A1E82717600010981 /* Main.storyboard */ = {
			isa = PBXVariantGroup;
			children = (
				091E9F6B1E82717600010981 /* Base */,
			);
			name = Main.storyboard;
			sourceTree = "<group>";
		};
		091E9F6F1E82717600010981 /* LaunchScreen.storyboard */ = {
			isa = PBXVariantGroup;
			children = (
				091E9F701E82717600010981 /* Base */,
			);
			name = LaunchScreen.storyboard;
			sourceTree = "<group>";
		};
/* End PBXVariantGroup section */

/* Begin XCBuildConfiguration section */
		091E9F731E82717600010981 /* Debug */ = {
			isa = XCBuildConfiguration;
			buildSettings = {
				ALWAYS_SEARCH_USER_PATHS = NO;
				CLANG_ANALYZER_NONNULL = YES;
				CLANG_CXX_LANGUAGE_STANDARD = "gnu++0x";
				CLANG_CXX_LIBRARY = "libc++";
				CLANG_ENABLE_MODULES = YES;
				CLANG_ENABLE_OBJC_ARC = YES;
				CLANG_WARN_BOOL_CONVERSION = YES;
				CLANG_WARN_CONSTANT_CONVERSION = YES;
				CLANG_WARN_DIRECT_OBJC_ISA_USAGE = YES_ERROR;
				CLANG_WARN_DOCUMENTATION_COMMENTS = YES;
				CLANG_WARN_EMPTY_BODY = YES;
				CLANG_WARN_ENUM_CONVERSION = YES;
				CLANG_WARN_INFINITE_RECURSION = YES;
				CLANG_WARN_INT_CONVERSION = YES;
				CLANG_WARN_OBJC_ROOT_CLASS = YES_ERROR;
				CLANG_WARN_SUSPICIOUS_MOVES = YES;
				CLANG_WARN_UNREACHABLE_CODE = YES;
				CLANG_WARN__DUPLICATE_METHOD_MATCH = YES;
				"CODE_SIGN_IDENTITY[sdk=iphoneos*]" = "iPhone Developer";
				COPY_PHASE_STRIP = NO;
				DEBUG_INFORMATION_FORMAT = dwarf;
				ENABLE_STRICT_OBJC_MSGSEND = YES;
				ENABLE_TESTABILITY = YES;
				GCC_C_LANGUAGE_STANDARD = gnu99;
				GCC_DYNAMIC_NO_PIC = NO;
				GCC_NO_COMMON_BLOCKS = YES;
				GCC_OPTIMIZATION_LEVEL = 0;
				GCC_PREPROCESSOR_DEFINITIONS = (
					"DEBUG=1",
					"$(inherited)",
				);
				GCC_WARN_64_TO_32_BIT_CONVERSION = YES;
				GCC_WARN_ABOUT_RETURN_TYPE = YES_ERROR;
				GCC_WARN_UNDECLARED_SELECTOR = YES;
				GCC_WARN_UNINITIALIZED_AUTOS = YES_AGGRESSIVE;
				GCC_WARN_UNUSED_FUNCTION = YES;
				GCC_WARN_UNUSED_VARIABLE = YES;
				IPHONEOS_DEPLOYMENT_TARGET = 10.0;
				MTL_ENABLE_DEBUG_INFO = YES;
				ONLY_ACTIVE_ARCH = YES;
				SDKROOT = iphoneos;
				SWIFT_ACTIVE_COMPILATION_CONDITIONS = DEBUG;
				SWIFT_OPTIMIZATION_LEVEL = "-Onone";
				TARGETED_DEVICE_FAMILY = "1,2";
			};
			name = Debug;
		};
		091E9F741E82717600010981 /* Release */ = {
			isa = XCBuildConfiguration;
			buildSettings = {
				ALWAYS_SEARCH_USER_PATHS = NO;
				CLANG_ANALYZER_NONNULL = YES;
				CLANG_CXX_LANGUAGE_STANDARD = "gnu++0x";
				CLANG_CXX_LIBRARY = "libc++";
				CLANG_ENABLE_MODULES = YES;
				CLANG_ENABLE_OBJC_ARC = YES;
				CLANG_WARN_BOOL_CONVERSION = YES;
				CLANG_WARN_CONSTANT_CONVERSION = YES;
				CLANG_WARN_DIRECT_OBJC_ISA_USAGE = YES_ERROR;
				CLANG_WARN_DOCUMENTATION_COMMENTS = YES;
				CLANG_WARN_EMPTY_BODY = YES;
				CLANG_WARN_ENUM_CONVERSION = YES;
				CLANG_WARN_INFINITE_RECURSION = YES;
				CLANG_WARN_INT_CONVERSION = YES;
				CLANG_WARN_OBJC_ROOT_CLASS = YES_ERROR;
				CLANG_WARN_SUSPICIOUS_MOVES = YES;
				CLANG_WARN_UNREACHABLE_CODE = YES;
				CLANG_WARN__DUPLICATE_METHOD_MATCH = YES;
				"CODE_SIGN_IDENTITY[sdk=iphoneos*]" = "iPhone Developer";
				COPY_PHASE_STRIP = NO;
				DEBUG_INFORMATION_FORMAT = "dwarf-with-dsym";
				ENABLE_NS_ASSERTIONS = NO;
				ENABLE_STRICT_OBJC_MSGSEND = YES;
				GCC_C_LANGUAGE_STANDARD = gnu99;
				GCC_NO_COMMON_BLOCKS = YES;
				GCC_WARN_64_TO_32_BIT_CONVERSION = YES;
				GCC_WARN_ABOUT_RETURN_TYPE = YES_ERROR;
				GCC_WARN_UNDECLARED_SELECTOR = YES;
				GCC_WARN_UNINITIALIZED_AUTOS = YES_AGGRESSIVE;
				GCC_WARN_UNUSED_FUNCTION = YES;
				GCC_WARN_UNUSED_VARIABLE = YES;
				IPHONEOS_DEPLOYMENT_TARGET = 10.0;
				MTL_ENABLE_DEBUG_INFO = NO;
				SDKROOT = iphoneos;
				SWIFT_OPTIMIZATION_LEVEL = "-Owholemodule";
				TARGETED_DEVICE_FAMILY = "1,2";
				VALIDATE_PRODUCT = YES;
			};
			name = Release;
		};
		091E9F761E82717600010981 /* Debug */ = {
			isa = XCBuildConfiguration;
			baseConfigurationReference = B883524265C9373B65265335 /* Pods-CocoaPodsExample.debug.xcconfig */;
			buildSettings = {
				ASSETCATALOG_COMPILER_APPICON_NAME = AppIcon;
				INFOPLIST_FILE = CocoaPodsExample/Info.plist;
				LD_RUNPATH_SEARCH_PATHS = "$(inherited) @executable_path/Frameworks";
				PRODUCT_BUNDLE_IDENTIFIER = Alex.CocoaPodsExample;
				PRODUCT_NAME = "$(TARGET_NAME)";
				SWIFT_VERSION = 3.0;
			};
			name = Debug;
		};
		091E9F771E82717600010981 /* Release */ = {
			isa = XCBuildConfiguration;
			baseConfigurationReference = 9690355D32FC1462D4FDD773 /* Pods-CocoaPodsExample.release.xcconfig */;
			buildSettings = {
				ASSETCATALOG_COMPILER_APPICON_NAME = AppIcon;
				INFOPLIST_FILE = CocoaPodsExample/Info.plist;
				LD_RUNPATH_SEARCH_PATHS = "$(inherited) @executable_path/Frameworks";
				PRODUCT_BUNDLE_IDENTIFIER = Alex.CocoaPodsExample;
				PRODUCT_NAME = "$(TARGET_NAME)";
				SWIFT_VERSION = 3.0;
			};
			name = Release;
		};
/* End XCBuildConfiguration section */

/* Begin XCConfigurationList section */
		091E9F5E1E82717600010981 /* Build configuration list for PBXProject "CocoaPodsExample" */ = {
			isa = XCConfigurationList;
			buildConfigurations = (
				091E9F731E82717600010981 /* Debug */,
				091E9F741E82717600010981 /* Release */,
			);
			defaultConfigurationIsVisible = 0;
			defaultConfigurationName = Release;
		};
		091E9F751E82717600010981 /* Build configuration list for PBXNativeTarget "CocoaPodsExample" */ = {
			isa = XCConfigurationList;
			buildConfigurations = (
				091E9F761E82717600010981 /* Debug */,
				091E9F771E82717600010981 /* Release */,
			);
			defaultConfigurationIsVisible = 0;
			defaultConfigurationName = Release;
		};
/* End XCConfigurationList section */
	};
	rootObject = 091E9F5B1E82717600010981 /* Project object */;
}
